
Microsoft Visual Studio Solution File, Format Version 12.00
# Visual Studio Version 17
VisualStudioVersion = 17.2.32616.157
MinimumVisualStudioVersion = 10.0.40219.1
Project("{FAE04EC0-301F-11D3-BF4B-00C04F79EFBC}") = "Base64Encode", "Base64Encode\Base64Encode.csproj", "{663B0258-632C-4DAA-8863-BB9896B1B65B}"
EndProject
Project("{FAE04EC0-301F-11D3-BF4B-00C04F79EFBC}") = "PasswordChecker", "PasswordChecker\PasswordChecker.csproj", "{1B794525-A8DC-4585-B000-63349BBFD66E}"
EndProject
Global
	GlobalSection(SolutionConfigurationPlatforms) = preSolution
		Debug|Any CPU = Debug|Any CPU
		Release|Any CPU = Release|Any CPU
	EndGlobalSection
	GlobalSection(ProjectConfigurationPlatforms) = postSolution
		{663B0258-632C-4DAA-8863-BB9896B1B65B}.Debug|Any CPU.ActiveCfg = Debug|Any CPU
		{663B0258-632C-4DAA-8863-BB9896B1B65B}.Debug|Any CPU.Build.0 = Debug|Any CPU
		{663B0258-632C-4DAA-8863-BB9896B1B65B}.Release|Any CPU.ActiveCfg = Release|Any CPU
		{663B0258-632C-4DAA-8863-BB9896B1B65B}.Release|Any CPU.Build.0 = Release|Any CPU
		{1B794525-A8DC-4585-B000-63349BBFD66E}.Debug|Any CPU.ActiveCfg = Debug|Any CPU
		{1B794525-A8DC-4585-B000-63349BBFD66E}.Debug|Any CPU.Build.0 = Debug|Any CPU
		{1B794525-A8DC-4585-B000-63349BBFD66E}.Release|Any CPU.ActiveCfg = Release|Any CPU
		{1B794525-A8DC-4585-B000-63349BBFD66E}.Release|Any CPU.Build.0 = Release|Any CPU
	EndGlobalSection
	GlobalSection(SolutionProperties) = preSolution
		HideSolutionNode = FALSE
	EndGlobalSection
	GlobalSection(ExtensibilityGlobals) = postSolution
		SolutionGuid = {7857D1F6-9583-40A8-B60A-B9BBA7B0EE0E}
	EndGlobalSection
EndGlobal
